
Microsoft Visual Studio Solution File, Format Version 12.00
# Visual Studio Version 17
VisualStudioVersion = 17.5.33424.131
MinimumVisualStudioVersion = 10.0.40219.1
Project("{FAE04EC0-301F-11D3-BF4B-00C04F79EFBC}") = "DSD601Assessment2", "DSD601Assessment2.csproj", "{B1127EA6-BBE5-47F3-A743-DEE5DC1A0FD3}"
EndProject
Global
	GlobalSection(SolutionConfigurationPlatforms) = preSolution
		Debug|Any CPU = Debug|Any CPU
		Release|Any CPU = Release|Any CPU
	EndGlobalSection
	GlobalSection(ProjectConfigurationPlatforms) = postSolution
		{B1127EA6-BBE5-47F3-A743-DEE5DC1A0FD3}.Debug|Any CPU.ActiveCfg = Debug|Any CPU
		{B1127EA6-BBE5-47F3-A743-DEE5DC1A0FD3}.Debug|Any CPU.Build.0 = Debug|Any CPU
		{B1127EA6-BBE5-47F3-A743-DEE5DC1A0FD3}.Release|Any CPU.ActiveCfg = Release|Any CPU
		{B1127EA6-BBE5-47F3-A743-DEE5DC1A0FD3}.Release|Any CPU.Build.0 = Release|Any CPU
	EndGlobalSection
	GlobalSection(SolutionProperties) = preSolution
		HideSolutionNode = FALSE
	EndGlobalSection
	GlobalSection(ExtensibilityGlobals) = postSolution
		SolutionGuid = {97D21868-DA75-4CE9-9AE7-4E67C0D631DF}
	EndGlobalSection
EndGlobal
